
Microsoft Visual Studio Solution File, Format Version 12.00
# Visual Studio 2015
Project("{FAE04EC0-301F-11D3-BF4B-00C04F79EFBC}") = "SDHacks2016.CSharp.Plugins", "SDHacks2016.CSharp.Plugins.csproj", "{0EE92A04-9600-F249-D9B9-A7C0D0EF1641}"
EndProject
Project("{FAE04EC0-301F-11D3-BF4B-00C04F79EFBC}") = "SDHacks2016.CSharp", "SDHacks2016.CSharp.csproj", "{7F763020-5377-F8A0-3127-E67A835ED2E1}"
EndProject
Project("{FAE04EC0-301F-11D3-BF4B-00C04F79EFBC}") = "SDHacks2016.CSharp.Editor.Plugins", "SDHacks2016.CSharp.Editor.Plugins.csproj", "{72BFD9DE-E6DE-C38F-E177-DA9E579B89DA}"
EndProject
Project("{FAE04EC0-301F-11D3-BF4B-00C04F79EFBC}") = "SDHacks2016.CSharp.Editor", "SDHacks2016.CSharp.Editor.csproj", "{6A4B5609-152F-A24E-B684-3424C7C227B8}"
EndProject
Global
	GlobalSection(SolutionConfigurationPlatforms) = preSolution
		Debug|Any CPU = Debug|Any CPU
		Release|Any CPU = Release|Any CPU
	EndGlobalSection
	GlobalSection(ProjectConfigurationPlatforms) = postSolution
		{0EE92A04-9600-F249-D9B9-A7C0D0EF1641}.Debug|Any CPU.ActiveCfg = Debug|Any CPU
		{0EE92A04-9600-F249-D9B9-A7C0D0EF1641}.Debug|Any CPU.Build.0 = Debug|Any CPU
		{0EE92A04-9600-F249-D9B9-A7C0D0EF1641}.Release|Any CPU.ActiveCfg = Release|Any CPU
		{0EE92A04-9600-F249-D9B9-A7C0D0EF1641}.Release|Any CPU.Build.0 = Release|Any CPU
		{7F763020-5377-F8A0-3127-E67A835ED2E1}.Debug|Any CPU.ActiveCfg = Debug|Any CPU
		{7F763020-5377-F8A0-3127-E67A835ED2E1}.Debug|Any CPU.Build.0 = Debug|Any CPU
		{7F763020-5377-F8A0-3127-E67A835ED2E1}.Release|Any CPU.ActiveCfg = Release|Any CPU
		{7F763020-5377-F8A0-3127-E67A835ED2E1}.Release|Any CPU.Build.0 = Release|Any CPU
		{72BFD9DE-E6DE-C38F-E177-DA9E579B89DA}.Debug|Any CPU.ActiveCfg = Debug|Any CPU
		{72BFD9DE-E6DE-C38F-E177-DA9E579B89DA}.Debug|Any CPU.Build.0 = Debug|Any CPU
		{72BFD9DE-E6DE-C38F-E177-DA9E579B89DA}.Release|Any CPU.ActiveCfg = Release|Any CPU
		{72BFD9DE-E6DE-C38F-E177-DA9E579B89DA}.Release|Any CPU.Build.0 = Release|Any CPU
		{6A4B5609-152F-A24E-B684-3424C7C227B8}.Debug|Any CPU.ActiveCfg = Debug|Any CPU
		{6A4B5609-152F-A24E-B684-3424C7C227B8}.Debug|Any CPU.Build.0 = Debug|Any CPU
		{6A4B5609-152F-A24E-B684-3424C7C227B8}.Release|Any CPU.ActiveCfg = Release|Any CPU
		{6A4B5609-152F-A24E-B684-3424C7C227B8}.Release|Any CPU.Build.0 = Release|Any CPU
	EndGlobalSection
	GlobalSection(SolutionProperties) = preSolution
		HideSolutionNode = FALSE
	EndGlobalSection
EndGlobal
